// !$*UTF8*$!
{
	archiveVersion = 1;
	classes = {
	};
	objectVersion = 50;
	objects = {

/* Begin PBXBuildFile section */
		FF2CB2142239406500D40D1C /* ItemDetailViewController.swift in Sources */ = {isa = PBXBuildFile; fileRef = FF2CB2132239406500D40D1C /* ItemDetailViewController.swift */; };
		FFCC187D223FC784006E7A96 /* AllListsViewController.swift in Sources */ = {isa = PBXBuildFile; fileRef = FFCC187C223FC784006E7A96 /* AllListsViewController.swift */; };
		FFCC187F223FCD29006E7A96 /* Checklist.swift in Sources */ = {isa = PBXBuildFile; fileRef = FFCC187E223FCD29006E7A96 /* Checklist.swift */; };
		FFCC1881223FE897006E7A96 /* ListDetailViewController.swift in Sources */ = {isa = PBXBuildFile; fileRef = FFCC1880223FE897006E7A96 /* ListDetailViewController.swift */; };
		FFDFEA5722376A49000F385A /* AppDelegate.swift in Sources */ = {isa = PBXBuildFile; fileRef = FFDFEA5622376A49000F385A /* AppDelegate.swift */; };
		FFDFEA5922376A49000F385A /* CheckListViewController.swift in Sources */ = {isa = PBXBuildFile; fileRef = FFDFEA5822376A49000F385A /* CheckListViewController.swift */; };
		FFDFEA5C22376A49000F385A /* Main.storyboard in Resources */ = {isa = PBXBuildFile; fileRef = FFDFEA5A22376A49000F385A /* Main.storyboard */; };
		FFDFEA5E22376A4A000F385A /* Assets.xcassets in Resources */ = {isa = PBXBuildFile; fileRef = FFDFEA5D22376A4A000F385A /* Assets.xcassets */; };
		FFDFEA6122376A4A000F385A /* LaunchScreen.storyboard in Resources */ = {isa = PBXBuildFile; fileRef = FFDFEA5F22376A4A000F385A /* LaunchScreen.storyboard */; };
		FFDFEA6C22376A4A000F385A /* ChecklistsTests.swift in Sources */ = {isa = PBXBuildFile; fileRef = FFDFEA6B22376A4A000F385A /* ChecklistsTests.swift */; };
		FFDFEA7722376A4A000F385A /* ChecklistsUITests.swift in Sources */ = {isa = PBXBuildFile; fileRef = FFDFEA7622376A4A000F385A /* ChecklistsUITests.swift */; };
		FFDFEA8522380826000F385A /* ChecklistItem.swift in Sources */ = {isa = PBXBuildFile; fileRef = FFDFEA8422380826000F385A /* ChecklistItem.swift */; };
/* End PBXBuildFile section */

/* Begin PBXContainerItemProxy section */
		FFDFEA6822376A4A000F385A /* PBXContainerItemProxy */ = {
			isa = PBXContainerItemProxy;
			containerPortal = FFDFEA4B22376A49000F385A /* Project object */;
			proxyType = 1;
			remoteGlobalIDString = FFDFEA5222376A49000F385A;
			remoteInfo = Checklists;
		};
		FFDFEA7322376A4A000F385A /* PBXContainerItemProxy */ = {
			isa = PBXContainerItemProxy;
			containerPortal = FFDFEA4B22376A49000F385A /* Project object */;
			proxyType = 1;
			remoteGlobalIDString = FFDFEA5222376A49000F385A;
			remoteInfo = Checklists;
		};
/* End PBXContainerItemProxy section */

/* Begin PBXFileReference section */
		FF2CB2132239406500D40D1C /* ItemDetailViewController.swift */ = {isa = PBXFileReference; lastKnownFileType = sourcecode.swift; path = ItemDetailViewController.swift; sourceTree = "<group>"; };
		FFCC187C223FC784006E7A96 /* AllListsViewController.swift */ = {isa = PBXFileReference; lastKnownFileType = sourcecode.swift; path = AllListsViewController.swift; sourceTree = "<group>"; };
		FFCC187E223FCD29006E7A96 /* Checklist.swift */ = {isa = PBXFileReference; lastKnownFileType = sourcecode.swift; path = Checklist.swift; sourceTree = "<group>"; };
		FFCC1880223FE897006E7A96 /* ListDetailViewController.swift */ = {isa = PBXFileReference; lastKnownFileType = sourcecode.swift; path = ListDetailViewController.swift; sourceTree = "<group>"; };
		FFDFEA5322376A49000F385A /* Checklists.app */ = {isa = PBXFileReference; explicitFileType = wrapper.application; includeInIndex = 0; path = Checklists.app; sourceTree = BUILT_PRODUCTS_DIR; };
		FFDFEA5622376A49000F385A /* AppDelegate.swift */ = {isa = PBXFileReference; lastKnownFileType = sourcecode.swift; path = AppDelegate.swift; sourceTree = "<group>"; };
		FFDFEA5822376A49000F385A /* CheckListViewController.swift */ = {isa = PBXFileReference; lastKnownFileType = sourcecode.swift; path = CheckListViewController.swift; sourceTree = "<group>"; };
		FFDFEA5B22376A49000F385A /* Base */ = {isa = PBXFileReference; lastKnownFileType = file.storyboard; name = Base; path = Base.lproj/Main.storyboard; sourceTree = "<group>"; };
		FFDFEA5D22376A4A000F385A /* Assets.xcassets */ = {isa = PBXFileReference; lastKnownFileType = folder.assetcatalog; path = Assets.xcassets; sourceTree = "<group>"; };
		FFDFEA6022376A4A000F385A /* Base */ = {isa = PBXFileReference; lastKnownFileType = file.storyboard; name = Base; path = Base.lproj/LaunchScreen.storyboard; sourceTree = "<group>"; };
		FFDFEA6222376A4A000F385A /* Info.plist */ = {isa = PBXFileReference; lastKnownFileType = text.plist.xml; path = Info.plist; sourceTree = "<group>"; };
		FFDFEA6722376A4A000F385A /* ChecklistsTests.xctest */ = {isa = PBXFileReference; explicitFileType = wrapper.cfbundle; includeInIndex = 0; path = ChecklistsTests.xctest; sourceTree = BUILT_PRODUCTS_DIR; };
		FFDFEA6B22376A4A000F385A /* ChecklistsTests.swift */ = {isa = PBXFileReference; lastKnownFileType = sourcecode.swift; path = ChecklistsTests.swift; sourceTree = "<group>"; };
		FFDFEA6D22376A4A000F385A /* Info.plist */ = {isa = PBXFileReference; lastKnownFileType = text.plist.xml; path = Info.plist; sourceTree = "<group>"; };
		FFDFEA7222376A4A000F385A /* ChecklistsUITests.xctest */ = {isa = PBXFileReference; explicitFileType = wrapper.cfbundle; includeInIndex = 0; path = ChecklistsUITests.xctest; sourceTree = BUILT_PRODUCTS_DIR; };
		FFDFEA7622376A4A000F385A /* ChecklistsUITests.swift */ = {isa = PBXFileReference; lastKnownFileType = sourcecode.swift; path = ChecklistsUITests.swift; sourceTree = "<group>"; };
		FFDFEA7822376A4A000F385A /* Info.plist */ = {isa = PBXFileReference; lastKnownFileType = text.plist.xml; path = Info.plist; sourceTree = "<group>"; };
		FFDFEA8422380826000F385A /* ChecklistItem.swift */ = {isa = PBXFileReference; lastKnownFileType = sourcecode.swift; path = ChecklistItem.swift; sourceTree = "<group>"; };
/* End PBXFileReference section */

/* Begin PBXFrameworksBuildPhase section */
		FFDFEA5022376A49000F385A /* Frameworks */ = {
			isa = PBXFrameworksBuildPhase;
			buildActionMask = 2147483647;
			files = (
			);
			runOnlyForDeploymentPostprocessing = 0;
		};
		FFDFEA6422376A4A000F385A /* Frameworks */ = {
			isa = PBXFrameworksBuildPhase;
			buildActionMask = 2147483647;
			files = (
			);
			runOnlyForDeploymentPostprocessing = 0;
		};
		FFDFEA6F22376A4A000F385A /* Frameworks */ = {
			isa = PBXFrameworksBuildPhase;
			buildActionMask = 2147483647;
			files = (
			);
			runOnlyForDeploymentPostprocessing = 0;
		};
/* End PBXFrameworksBuildPhase section */

/* Begin PBXGroup section */
		FFDFEA4A22376A49000F385A = {
			isa = PBXGroup;
			children = (
				FFDFEA5522376A49000F385A /* Checklists */,
				FFDFEA6A22376A4A000F385A /* ChecklistsTests */,
				FFDFEA7522376A4A000F385A /* ChecklistsUITests */,
				FFDFEA5422376A49000F385A /* Products */,
			);
			sourceTree = "<group>";
		};
		FFDFEA5422376A49000F385A /* Products */ = {
			isa = PBXGroup;
			children = (
				FFDFEA5322376A49000F385A /* Checklists.app */,
				FFDFEA6722376A4A000F385A /* ChecklistsTests.xctest */,
				FFDFEA7222376A4A000F385A /* ChecklistsUITests.xctest */,
			);
			name = Products;
			sourceTree = "<group>";
		};
		FFDFEA5522376A49000F385A /* Checklists */ = {
			isa = PBXGroup;
			children = (
				FFDFEA5622376A49000F385A /* AppDelegate.swift */,
				FFDFEA5822376A49000F385A /* CheckListViewController.swift */,
				FF2CB2132239406500D40D1C /* ItemDetailViewController.swift */,
				FFCC187C223FC784006E7A96 /* AllListsViewController.swift */,
				FFCC1880223FE897006E7A96 /* ListDetailViewController.swift */,
				FFDFEA5A22376A49000F385A /* Main.storyboard */,
				FFDFEA5D22376A4A000F385A /* Assets.xcassets */,
				FFDFEA5F22376A4A000F385A /* LaunchScreen.storyboard */,
				FFDFEA6222376A4A000F385A /* Info.plist */,
				FFDFEA8422380826000F385A /* ChecklistItem.swift */,
				FFCC187E223FCD29006E7A96 /* Checklist.swift */,
			);
			path = Checklists;
			sourceTree = "<group>";
		};
		FFDFEA6A22376A4A000F385A /* ChecklistsTests */ = {
			isa = PBXGroup;
			children = (
				FFDFEA6B22376A4A000F385A /* ChecklistsTests.swift */,
				FFDFEA6D22376A4A000F385A /* Info.plist */,
			);
			path = ChecklistsTests;
			sourceTree = "<group>";
		};
		FFDFEA7522376A4A000F385A /* ChecklistsUITests */ = {
			isa = PBXGroup;
			children = (
				FFDFEA7622376A4A000F385A /* ChecklistsUITests.swift */,
				FFDFEA7822376A4A000F385A /* Info.plist */,
			);
			path = ChecklistsUITests;
			sourceTree = "<group>";
		};
/* End PBXGroup section */

/* Begin PBXNativeTarget section */
		FFDFEA5222376A49000F385A /* Checklists */ = {
			isa = PBXNativeTarget;
			buildConfigurationList = FFDFEA7B22376A4A000F385A /* Build configuration list for PBXNativeTarget "Checklists" */;
			buildPhases = (
				FFDFEA4F22376A49000F385A /* Sources */,
				FFDFEA5022376A49000F385A /* Frameworks */,
				FFDFEA5122376A49000F385A /* Resources */,
			);
			buildRules = (
			);
			dependencies = (
			);
			name = Checklists;
			productName = Checklists;
			productReference = FFDFEA5322376A49000F385A /* Checklists.app */;
			productType = "com.apple.product-type.application";
		};
		FFDFEA6622376A4A000F385A /* ChecklistsTests */ = {
			isa = PBXNativeTarget;
			buildConfigurationList = FFDFEA7E22376A4A000F385A /* Build configuration list for PBXNativeTarget "ChecklistsTests" */;
			buildPhases = (
				FFDFEA6322376A4A000F385A /* Sources */,
				FFDFEA6422376A4A000F385A /* Frameworks */,
				FFDFEA6522376A4A000F385A /* Resources */,
			);
			buildRules = (
			);
			dependencies = (
				FFDFEA6922376A4A000F385A /* PBXTargetDependency */,
			);
			name = ChecklistsTests;
			productName = ChecklistsTests;
			productReference = FFDFEA6722376A4A000F385A /* ChecklistsTests.xctest */;
			productType = "com.apple.product-type.bundle.unit-test";
		};
		FFDFEA7122376A4A000F385A /* ChecklistsUITests */ = {
			isa = PBXNativeTarget;
			buildConfigurationList = FFDFEA8122376A4A000F385A /* Build configuration list for PBXNativeTarget "ChecklistsUITests" */;
			buildPhases = (
				FFDFEA6E22376A4A000F385A /* Sources */,
				FFDFEA6F22376A4A000F385A /* Frameworks */,
				FFDFEA7022376A4A000F385A /* Resources */,
			);
			buildRules = (
			);
			dependencies = (
				FFDFEA7422376A4A000F385A /* PBXTargetDependency */,
			);
			name = ChecklistsUITests;
			productName = ChecklistsUITests;
			productReference = FFDFEA7222376A4A000F385A /* ChecklistsUITests.xctest */;
			productType = "com.apple.product-type.bundle.ui-testing";
		};
/* End PBXNativeTarget section */

/* Begin PBXProject section */
		FFDFEA4B22376A49000F385A /* Project object */ = {
			isa = PBXProject;
			attributes = {
				LastSwiftUpdateCheck = 1010;
				LastUpgradeCheck = 1010;
				ORGANIZATIONNAME = "Art Williamson";
				TargetAttributes = {
					FFDFEA5222376A49000F385A = {
						CreatedOnToolsVersion = 10.1;
					};
					FFDFEA6622376A4A000F385A = {
						CreatedOnToolsVersion = 10.1;
						TestTargetID = FFDFEA5222376A49000F385A;
					};
					FFDFEA7122376A4A000F385A = {
						CreatedOnToolsVersion = 10.1;
						TestTargetID = FFDFEA5222376A49000F385A;
					};
				};
			};
			buildConfigurationList = FFDFEA4E22376A49000F385A /* Build configuration list for PBXProject "Checklists" */;
			compatibilityVersion = "Xcode 9.3";
			developmentRegion = en;
			hasScannedForEncodings = 0;
			knownRegions = (
				en,
				Base,
			);
			mainGroup = FFDFEA4A22376A49000F385A;
			productRefGroup = FFDFEA5422376A49000F385A /* Products */;
			projectDirPath = "";
			projectRoot = "";
			targets = (
				FFDFEA5222376A49000F385A /* Checklists */,
				FFDFEA6622376A4A000F385A /* ChecklistsTests */,
				FFDFEA7122376A4A000F385A /* ChecklistsUITests */,
			);
		};
/* End PBXProject section */

/* Begin PBXResourcesBuildPhase section */
		FFDFEA5122376A49000F385A /* Resources */ = {
			isa = PBXResourcesBuildPhase;
			buildActionMask = 2147483647;
			files = (
				FFDFEA6122376A4A000F385A /* LaunchScreen.storyboard in Resources */,
				FFDFEA5E22376A4A000F385A /* Assets.xcassets in Resources */,
				FFDFEA5C22376A49000F385A /* Main.storyboard in Resources */,
			);
			runOnlyForDeploymentPostprocessing = 0;
		};
		FFDFEA6522376A4A000F385A /* Resources */ = {
			isa = PBXResourcesBuildPhase;
			buildActionMask = 2147483647;
			files = (
			);
			runOnlyForDeploymentPostprocessing = 0;
		};
		FFDFEA7022376A4A000F385A /* Resources */ = {
			isa = PBXResourcesBuildPhase;
			buildActionMask = 2147483647;
			files = (
			);
			runOnlyForDeploymentPostprocessing = 0;
		};
/* End PBXResourcesBuildPhase section */

/* Begin PBXSourcesBuildPhase section */
		FFDFEA4F22376A49000F385A /* Sources */ = {
			isa = PBXSourcesBuildPhase;
			buildActionMask = 2147483647;
			files = (
				FFCC187D223FC784006E7A96 /* AllListsViewController.swift in Sources */,
				FFCC1881223FE897006E7A96 /* ListDetailViewController.swift in Sources */,
				FF2CB2142239406500D40D1C /* ItemDetailViewController.swift in Sources */,
				FFCC187F223FCD29006E7A96 /* Checklist.swift in Sources */,
				FFDFEA5922376A49000F385A /* CheckListViewController.swift in Sources */,
				FFDFEA8522380826000F385A /* ChecklistItem.swift in Sources */,
				FFDFEA5722376A49000F385A /* AppDelegate.swift in Sources */,
			);
			runOnlyForDeploymentPostprocessing = 0;
		};
		FFDFEA6322376A4A000F385A /* Sources */ = {
			isa = PBXSourcesBuildPhase;
			buildActionMask = 2147483647;
			files = (
				FFDFEA6C22376A4A000F385A /* ChecklistsTests.swift in Sources */,
			);
			runOnlyForDeploymentPostprocessing = 0;
		};
		FFDFEA6E22376A4A000F385A /* Sources */ = {
			isa = PBXSourcesBuildPhase;
			buildActionMask = 2147483647;
			files = (
				FFDFEA7722376A4A000F385A /* ChecklistsUITests.swift in Sources */,
			);
			runOnlyForDeploymentPostprocessing = 0;
		};
/* End PBXSourcesBuildPhase section */

/* Begin PBXTargetDependency section */
		FFDFEA6922376A4A000F385A /* PBXTargetDependency */ = {
			isa = PBXTargetDependency;
			target = FFDFEA5222376A49000F385A /* Checklists */;
			targetProxy = FFDFEA6822376A4A000F385A /* PBXContainerItemProxy */;
		};
		FFDFEA7422376A4A000F385A /* PBXTargetDependency */ = {
			isa = PBXTargetDependency;
			target = FFDFEA5222376A49000F385A /* Checklists */;
			targetProxy = FFDFEA7322376A4A000F385A /* PBXContainerItemProxy */;
		};
/* End PBXTargetDependency section */

/* Begin PBXVariantGroup section */
		FFDFEA5A22376A49000F385A /* Main.storyboard */ = {
			isa = PBXVariantGroup;
			children = (
				FFDFEA5B22376A49000F385A /* Base */,
			);
			name = Main.storyboard;
			sourceTree = "<group>";
		};
		FFDFEA5F22376A4A000F385A /* LaunchScreen.storyboard */ = {
			isa = PBXVariantGroup;
			children = (
				FFDFEA6022376A4A000F385A /* Base */,
			);
			name = LaunchScreen.storyboard;
			sourceTree = "<group>";
		};
/* End PBXVariantGroup section */

/* Begin XCBuildConfiguration section */
		FFDFEA7922376A4A000F385A /* Debug */ = {
			isa = XCBuildConfiguration;
			buildSettings = {
				ALWAYS_SEARCH_USER_PATHS = NO;
				CLANG_ANALYZER_NONNULL = YES;
				CLANG_ANALYZER_NUMBER_OBJECT_CONVERSION = YES_AGGRESSIVE;
				CLANG_CXX_LANGUAGE_STANDARD = "gnu++14";
				CLANG_CXX_LIBRARY = "libc++";
				CLANG_ENABLE_MODULES = YES;
				CLANG_ENABLE_OBJC_ARC = YES;
				CLANG_ENABLE_OBJC_WEAK = YES;
				CLANG_WARN_BLOCK_CAPTURE_AUTORELEASING = YES;
				CLANG_WARN_BOOL_CONVERSION = YES;
				CLANG_WARN_COMMA = YES;
				CLANG_WARN_CONSTANT_CONVERSION = YES;
				CLANG_WARN_DEPRECATED_OBJC_IMPLEMENTATIONS = YES;
				CLANG_WARN_DIRECT_OBJC_ISA_USAGE = YES_ERROR;
				CLANG_WARN_DOCUMENTATION_COMMENTS = YES;
				CLANG_WARN_EMPTY_BODY = YES;
				CLANG_WARN_ENUM_CONVERSION = YES;
				CLANG_WARN_INFINITE_RECURSION = YES;
				CLANG_WARN_INT_CONVERSION = YES;
				CLANG_WARN_NON_LITERAL_NULL_CONVERSION = YES;
				CLANG_WARN_OBJC_IMPLICIT_RETAIN_SELF = YES;
				CLANG_WARN_OBJC_LITERAL_CONVERSION = YES;
				CLANG_WARN_OBJC_ROOT_CLASS = YES_ERROR;
				CLANG_WARN_RANGE_LOOP_ANALYSIS = YES;
				CLANG_WARN_STRICT_PROTOTYPES = YES;
				CLANG_WARN_SUSPICIOUS_MOVE = YES;
				CLANG_WARN_UNGUARDED_AVAILABILITY = YES_AGGRESSIVE;
				CLANG_WARN_UNREACHABLE_CODE = YES;
				CLANG_WARN__DUPLICATE_METHOD_MATCH = YES;
				CODE_SIGN_IDENTITY = "iPhone Developer";
				COPY_PHASE_STRIP = NO;
				DEBUG_INFORMATION_FORMAT = dwarf;
				ENABLE_STRICT_OBJC_MSGSEND = YES;
				ENABLE_TESTABILITY = YES;
				GCC_C_LANGUAGE_STANDARD = gnu11;
				GCC_DYNAMIC_NO_PIC = NO;
				GCC_NO_COMMON_BLOCKS = YES;
				GCC_OPTIMIZATION_LEVEL = 0;
				GCC_PREPROCESSOR_DEFINITIONS = (
					"DEBUG=1",
					"$(inherited)",
				);
				GCC_WARN_64_TO_32_BIT_CONVERSION = YES;
				GCC_WARN_ABOUT_RETURN_TYPE = YES_ERROR;
				GCC_WARN_UNDECLARED_SELECTOR = YES;
				GCC_WARN_UNINITIALIZED_AUTOS = YES_AGGRESSIVE;
				GCC_WARN_UNUSED_FUNCTION = YES;
				GCC_WARN_UNUSED_VARIABLE = YES;
				IPHONEOS_DEPLOYMENT_TARGET = 12.1;
				MTL_ENABLE_DEBUG_INFO = INCLUDE_SOURCE;
				MTL_FAST_MATH = YES;
				ONLY_ACTIVE_ARCH = YES;
				SDKROOT = iphoneos;
				SWIFT_ACTIVE_COMPILATION_CONDITIONS = DEBUG;
				SWIFT_OPTIMIZATION_LEVEL = "-Onone";
			};
			name = Debug;
		};
		FFDFEA7A22376A4A000F385A /* Release */ = {
			isa = XCBuildConfiguration;
			buildSettings = {
				ALWAYS_SEARCH_USER_PATHS = NO;
				CLANG_ANALYZER_NONNULL = YES;
				CLANG_ANALYZER_NUMBER_OBJECT_CONVERSION = YES_AGGRESSIVE;
				CLANG_CXX_LANGUAGE_STANDARD = "gnu++14";
				CLANG_CXX_LIBRARY = "libc++";
				CLANG_ENABLE_MODULES = YES;
				CLANG_ENABLE_OBJC_ARC = YES;
				CLANG_ENABLE_OBJC_WEAK = YES;
				CLANG_WARN_BLOCK_CAPTURE_AUTORELEASING = YES;
				CLANG_WARN_BOOL_CONVERSION = YES;
				CLANG_WARN_COMMA = YES;
				CLANG_WARN_CONSTANT_CONVERSION = YES;
				CLANG_WARN_DEPRECATED_OBJC_IMPLEMENTATIONS = YES;
				CLANG_WARN_DIRECT_OBJC_ISA_USAGE = YES_ERROR;
				CLANG_WARN_DOCUMENTATION_COMMENTS = YES;
				CLANG_WARN_EMPTY_BODY = YES;
				CLANG_WARN_ENUM_CONVERSION = YES;
				CLANG_WARN_INFINITE_RECURSION = YES;
				CLANG_WARN_INT_CONVERSION = YES;
				CLANG_WARN_NON_LITERAL_NULL_CONVERSION = YES;
				CLANG_WARN_OBJC_IMPLICIT_RETAIN_SELF = YES;
				CLANG_WARN_OBJC_LITERAL_CONVERSION = YES;
				CLANG_WARN_OBJC_ROOT_CLASS = YES_ERROR;
				CLANG_WARN_RANGE_LOOP_ANALYSIS = YES;
				CLANG_WARN_STRICT_PROTOTYPES = YES;
				CLANG_WARN_SUSPICIOUS_MOVE = YES;
				CLANG_WARN_UNGUARDED_AVAILABILITY = YES_AGGRESSIVE;
				CLANG_WARN_UNREACHABLE_CODE = YES;
				CLANG_WARN__DUPLICATE_METHOD_MATCH = YES;
				CODE_SIGN_IDENTITY = "iPhone Developer";
				COPY_PHASE_STRIP = NO;
				DEBUG_INFORMATION_FORMAT = "dwarf-with-dsym";
				ENABLE_NS_ASSERTIONS = NO;
				ENABLE_STRICT_OBJC_MSGSEND = YES;
				GCC_C_LANGUAGE_STANDARD = gnu11;
				GCC_NO_COMMON_BLOCKS = YES;
				GCC_WARN_64_TO_32_BIT_CONVERSION = YES;
				GCC_WARN_ABOUT_RETURN_TYPE = YES_ERROR;
				GCC_WARN_UNDECLARED_SELECTOR = YES;
				GCC_WARN_UNINITIALIZED_AUTOS = YES_AGGRESSIVE;
				GCC_WARN_UNUSED_FUNCTION = YES;
				GCC_WARN_UNUSED_VARIABLE = YES;
				IPHONEOS_DEPLOYMENT_TARGET = 12.1;
				MTL_ENABLE_DEBUG_INFO = NO;
				MTL_FAST_MATH = YES;
				SDKROOT = iphoneos;
				SWIFT_COMPILATION_MODE = wholemodule;
				SWIFT_OPTIMIZATION_LEVEL = "-O";
				VALIDATE_PRODUCT = YES;
			};
			name = Release;
		};
		FFDFEA7C22376A4A000F385A /* Debug */ = {
			isa = XCBuildConfiguration;
			buildSettings = {
				ASSETCATALOG_COMPILER_APPICON_NAME = AppIcon;
				CODE_SIGN_STYLE = Automatic;
				DEVELOPMENT_TEAM = A6DU6723X3;
				INFOPLIST_FILE = Checklists/Info.plist;
				LD_RUNPATH_SEARCH_PATHS = (
					"$(inherited)",
					"@executable_path/Frameworks",
				);
				PRODUCT_BUNDLE_IDENTIFIER = com.alw.Checklists;
				PRODUCT_NAME = "$(TARGET_NAME)";
				SWIFT_VERSION = 4.2;
				TARGETED_DEVICE_FAMILY = "1,2";
			};
			name = Debug;
		};
		FFDFEA7D22376A4A000F385A /* Release */ = {
			isa = XCBuildConfiguration;
			buildSettings = {
				ASSETCATALOG_COMPILER_APPICON_NAME = AppIcon;
				CODE_SIGN_STYLE = Automatic;
				DEVELOPMENT_TEAM = A6DU6723X3;
				INFOPLIST_FILE = Checklists/Info.plist;
				LD_RUNPATH_SEARCH_PATHS = (
					"$(inherited)",
					"@executable_path/Frameworks",
				);
				PRODUCT_BUNDLE_IDENTIFIER = com.alw.Checklists;
				PRODUCT_NAME = "$(TARGET_NAME)";
				SWIFT_VERSION = 4.2;
				TARGETED_DEVICE_FAMILY = "1,2";
			};
			name = Release;
		};
		FFDFEA7F22376A4A000F385A /* Debug */ = {
			isa = XCBuildConfiguration;
			buildSettings = {
				ALWAYS_EMBED_SWIFT_STANDARD_LIBRARIES = YES;
				BUNDLE_LOADER = "$(TEST_HOST)";
				CODE_SIGN_STYLE = Automatic;
				DEVELOPMENT_TEAM = A6DU6723X3;
				INFOPLIST_FILE = ChecklistsTests/Info.plist;
				LD_RUNPATH_SEARCH_PATHS = (
					"$(inherited)",
					"@executable_path/Frameworks",
					"@loader_path/Frameworks",
				);
				PRODUCT_BUNDLE_IDENTIFIER = com.example.ChecklistsTests;
				PRODUCT_NAME = "$(TARGET_NAME)";
				SWIFT_VERSION = 4.2;
				TARGETED_DEVICE_FAMILY = "1,2";
				TEST_HOST = "$(BUILT_PRODUCTS_DIR)/Checklists.app/Checklists";
			};
			name = Debug;
		};
		FFDFEA8022376A4A000F385A /* Release */ = {
			isa = XCBuildConfiguration;
			buildSettings = {
				ALWAYS_EMBED_SWIFT_STANDARD_LIBRARIES = YES;
				BUNDLE_LOADER = "$(TEST_HOST)";
				CODE_SIGN_STYLE = Automatic;
				DEVELOPMENT_TEAM = A6DU6723X3;
				INFOPLIST_FILE = ChecklistsTests/Info.plist;
				LD_RUNPATH_SEARCH_PATHS = (
					"$(inherited)",
					"@executable_path/Frameworks",
					"@loader_path/Frameworks",
				);
				PRODUCT_BUNDLE_IDENTIFIER = com.example.ChecklistsTests;
				PRODUCT_NAME = "$(TARGET_NAME)";
				SWIFT_VERSION = 4.2;
				TARGETED_DEVICE_FAMILY = "1,2";
				TEST_HOST = "$(BUILT_PRODUCTS_DIR)/Checklists.app/Checklists";
			};
			name = Release;
		};
		FFDFEA8222376A4A000F385A /* Debug */ = {
			isa = XCBuildConfiguration;
			buildSettings = {
				ALWAYS_EMBED_SWIFT_STANDARD_LIBRARIES = YES;
				CODE_SIGN_STYLE = Automatic;
				DEVELOPMENT_TEAM = A6DU6723X3;
				INFOPLIST_FILE = ChecklistsUITests/Info.plist;
				LD_RUNPATH_SEARCH_PATHS = (
					"$(inherited)",
					"@executable_path/Frameworks",
					"@loader_path/Frameworks",
				);
				PRODUCT_BUNDLE_IDENTIFIER = com.example.ChecklistsUITests;
				PRODUCT_NAME = "$(TARGET_NAME)";
				SWIFT_VERSION = 4.2;
				TARGETED_DEVICE_FAMILY = "1,2";
				TEST_TARGET_NAME = Checklists;
			};
			name = Debug;
		};
		FFDFEA8322376A4A000F385A /* Release */ = {
			isa = XCBuildConfiguration;
			buildSettings = {
				ALWAYS_EMBED_SWIFT_STANDARD_LIBRARIES = YES;
				CODE_SIGN_STYLE = Automatic;
				DEVELOPMENT_TEAM = A6DU6723X3;
				INFOPLIST_FILE = ChecklistsUITests/Info.plist;
				LD_RUNPATH_SEARCH_PATHS = (
					"$(inherited)",
					"@executable_path/Frameworks",
					"@loader_path/Frameworks",
				);
				PRODUCT_BUNDLE_IDENTIFIER = com.example.ChecklistsUITests;
				PRODUCT_NAME = "$(TARGET_NAME)";
				SWIFT_VERSION = 4.2;
				TARGETED_DEVICE_FAMILY = "1,2";
				TEST_TARGET_NAME = Checklists;
			};
			name = Release;
		};
/* End XCBuildConfiguration section */

/* Begin XCConfigurationList section */
		FFDFEA4E22376A49000F385A /* Build configuration list for PBXProject "Checklists" */ = {
			isa = XCConfigurationList;
			buildConfigurations = (
				FFDFEA7922376A4A000F385A /* Debug */,
				FFDFEA7A22376A4A000F385A /* Release */,
			);
			defaultConfigurationIsVisible = 0;
			defaultConfigurationName = Release;
		};
		FFDFEA7B22376A4A000F385A /* Build configuration list for PBXNativeTarget "Checklists" */ = {
			isa = XCConfigurationList;
			buildConfigurations = (
				FFDFEA7C22376A4A000F385A /* Debug */,
				FFDFEA7D22376A4A000F385A /* Release */,
			);
			defaultConfigurationIsVisible = 0;
			defaultConfigurationName = Release;
		};
		FFDFEA7E22376A4A000F385A /* Build configuration list for PBXNativeTarget "ChecklistsTests" */ = {
			isa = XCConfigurationList;
			buildConfigurations = (
				FFDFEA7F22376A4A000F385A /* Debug */,
				FFDFEA8022376A4A000F385A /* Release */,
			);
			defaultConfigurationIsVisible = 0;
			defaultConfigurationName = Release;
		};
		FFDFEA8122376A4A000F385A /* Build configuration list for PBXNativeTarget "ChecklistsUITests" */ = {
			isa = XCConfigurationList;
			buildConfigurations = (
				FFDFEA8222376A4A000F385A /* Debug */,
				FFDFEA8322376A4A000F385A /* Release */,
			);
			defaultConfigurationIsVisible = 0;
			defaultConfigurationName = Release;
		};
/* End XCConfigurationList section */
	};
	rootObject = FFDFEA4B22376A49000F385A /* Project object */;
}
